Microsoft Visual Studio Solution File, Format Version 12.00
# Visual Studio Version 17
VisualStudioVersion = 17.5.2.0
MinimumVisualStudioVersion = 10.0.40219.1
Project("{2150E333-8FDC-42A3-9474-1A3956D46DE8}") = "src", "src", "{827E0CD3-B72D-47B6-A68D-7590B98EB39B}"
EndProject
Project("{FAE04EC0-301F-11D3-BF4B-00C04F79EFBC}") = "Api", "src\Api\Api.csproj", "{CBAFC0F9-5B69-AE5B-776E-B650E010DF04}"
EndProject
Project("{FAE04EC0-301F-11D3-BF4B-00C04F79EFBC}") = "Domain", "src\Domain\Domain.csproj", "{87EDA1D2-4B5B-E524-38CE-D0BFCA5F4D6B}"
EndProject
Project("{FAE04EC0-301F-11D3-BF4B-00C04F79EFBC}") = "Infrastructure", "src\Infrastructure\Infrastructure.csproj", "{3D745DFE-AF9A-E111-755D-FD3FFF280728}"
EndProject
Project("{2150E333-8FDC-42A3-9474-1A3956D46DE8}") = "tests", "tests", "{0AB3BF05-4346-4AA6-1389-037BE0695223}"
EndProject
Project("{FAE04EC0-301F-11D3-BF4B-00C04F79EFBC}") = "UnitTests", "tests\UnitTests\UnitTests.csproj", "{4666F75A-F850-45C4-AB92-2DF4A4C7CC03}"
EndProject
Project("{FAE04EC0-301F-11D3-BF4B-00C04F79EFBC}") = "Application", "src\Application\Application.csproj", "{F4A32C5D-85ED-458F-8FF1-223259340006}"
EndProject
Global
	GlobalSection(SolutionConfigurationPlatforms) = preSolution
		Debug|Any CPU = Debug|Any CPU
		Debug|x64 = Debug|x64
		Debug|x86 = Debug|x86
		Release|Any CPU = Release|Any CPU
		Release|x64 = Release|x64
		Release|x86 = Release|x86
	EndGlobalSection
	GlobalSection(ProjectConfigurationPlatforms) = postSolution
		{CBAFC0F9-5B69-AE5B-776E-B650E010DF04}.Debug|Any CPU.ActiveCfg = Debug|Any CPU
		{CBAFC0F9-5B69-AE5B-776E-B650E010DF04}.Debug|Any CPU.Build.0 = Debug|Any CPU
		{CBAFC0F9-5B69-AE5B-776E-B650E010DF04}.Debug|x64.ActiveCfg = Debug|Any CPU
		{CBAFC0F9-5B69-AE5B-776E-B650E010DF04}.Debug|x64.Build.0 = Debug|Any CPU
		{CBAFC0F9-5B69-AE5B-776E-B650E010DF04}.Debug|x86.ActiveCfg = Debug|Any CPU
		{CBAFC0F9-5B69-AE5B-776E-B650E010DF04}.Debug|x86.Build.0 = Debug|Any CPU
		{CBAFC0F9-5B69-AE5B-776E-B650E010DF04}.Release|Any CPU.ActiveCfg = Release|Any CPU
		{CBAFC0F9-5B69-AE5B-776E-B650E010DF04}.Release|Any CPU.Build.0 = Release|Any CPU
		{CBAFC0F9-5B69-AE5B-776E-B650E010DF04}.Release|x64.ActiveCfg = Release|Any CPU
		{CBAFC0F9-5B69-AE5B-776E-B650E010DF04}.Release|x64.Build.0 = Release|Any CPU
		{CBAFC0F9-5B69-AE5B-776E-B650E010DF04}.Release|x86.ActiveCfg = Release|Any CPU
		{CBAFC0F9-5B69-AE5B-776E-B650E010DF04}.Release|x86.Build.0 = Release|Any CPU
		{87EDA1D2-4B5B-E524-38CE-D0BFCA5F4D6B}.Debug|Any CPU.ActiveCfg = Debug|Any CPU
		{87EDA1D2-4B5B-E524-38CE-D0BFCA5F4D6B}.Debug|Any CPU.Build.0 = Debug|Any CPU
		{87EDA1D2-4B5B-E524-38CE-D0BFCA5F4D6B}.Debug|x64.ActiveCfg = Debug|Any CPU
		{87EDA1D2-4B5B-E524-38CE-D0BFCA5F4D6B}.Debug|x64.Build.0 = Debug|Any CPU
		{87EDA1D2-4B5B-E524-38CE-D0BFCA5F4D6B}.Debug|x86.ActiveCfg = Debug|Any CPU
		{87EDA1D2-4B5B-E524-38CE-D0BFCA5F4D6B}.Debug|x86.Build.0 = Debug|Any CPU
		{87EDA1D2-4B5B-E524-38CE-D0BFCA5F4D6B}.Release|Any CPU.ActiveCfg = Release|Any CPU
		{87EDA1D2-4B5B-E524-38CE-D0BFCA5F4D6B}.Release|Any CPU.Build.0 = Release|Any CPU
		{87EDA1D2-4B5B-E524-38CE-D0BFCA5F4D6B}.Release|x64.ActiveCfg = Release|Any CPU
		{87EDA1D2-4B5B-E524-38CE-D0BFCA5F4D6B}.Release|x64.Build.0 = Release|Any CPU
		{87EDA1D2-4B5B-E524-38CE-D0BFCA5F4D6B}.Release|x86.ActiveCfg = Release|Any CPU
		{87EDA1D2-4B5B-E524-38CE-D0BFCA5F4D6B}.Release|x86.Build.0 = Release|Any CPU
		{3D745DFE-AF9A-E111-755D-FD3FFF280728}.Debug|Any CPU.ActiveCfg = Debug|Any CPU
		{3D745DFE-AF9A-E111-755D-FD3FFF280728}.Debug|Any CPU.Build.0 = Debug|Any CPU
		{3D745DFE-AF9A-E111-755D-FD3FFF280728}.Debug|x64.ActiveCfg = Debug|Any CPU
		{3D745DFE-AF9A-E111-755D-FD3FFF280728}.Debug|x64.Build.0 = Debug|Any CPU
		{3D745DFE-AF9A-E111-755D-FD3FFF280728}.Debug|x86.ActiveCfg = Debug|Any CPU
		{3D745DFE-AF9A-E111-755D-FD3FFF280728}.Debug|x86.Build.0 = Debug|Any CPU
		{3D745DFE-AF9A-E111-755D-FD3FFF280728}.Release|Any CPU.ActiveCfg = Release|Any CPU
		{3D745DFE-AF9A-E111-755D-FD3FFF280728}.Release|Any CPU.Build.0 = Release|Any CPU
		{3D745DFE-AF9A-E111-755D-FD3FFF280728}.Release|x64.ActiveCfg = Release|Any CPU
		{3D745DFE-AF9A-E111-755D-FD3FFF280728}.Release|x64.Build.0 = Release|Any CPU
		{3D745DFE-AF9A-E111-755D-FD3FFF280728}.Release|x86.ActiveCfg = Release|Any CPU
		{3D745DFE-AF9A-E111-755D-FD3FFF280728}.Release|x86.Build.0 = Release|Any CPU
		{4666F75A-F850-45C4-AB92-2DF4A4C7CC03}.Debug|Any CPU.ActiveCfg = Debug|Any CPU
		{4666F75A-F850-45C4-AB92-2DF4A4C7CC03}.Debug|Any CPU.Build.0 = Debug|Any CPU
		{4666F75A-F850-45C4-AB92-2DF4A4C7CC03}.Debug|x64.ActiveCfg = Debug|Any CPU
		{4666F75A-F850-45C4-AB92-2DF4A4C7CC03}.Debug|x64.Build.0 = Debug|Any CPU
		{4666F75A-F850-45C4-AB92-2DF4A4C7CC03}.Debug|x86.ActiveCfg = Debug|Any CPU
		{4666F75A-F850-45C4-AB92-2DF4A4C7CC03}.Debug|x86.Build.0 = Debug|Any CPU
		{4666F75A-F850-45C4-AB92-2DF4A4C7CC03}.Release|Any CPU.ActiveCfg = Release|Any CPU
		{4666F75A-F850-45C4-AB92-2DF4A4C7CC03}.Release|Any CPU.Build.0 = Release|Any CPU
		{4666F75A-F850-45C4-AB92-2DF4A4C7CC03}.Release|x64.ActiveCfg = Release|Any CPU
		{4666F75A-F850-45C4-AB92-2DF4A4C7CC03}.Release|x64.Build.0 = Release|Any CPU
		{4666F75A-F850-45C4-AB92-2DF4A4C7CC03}.Release|x86.ActiveCfg = Release|Any CPU
		{4666F75A-F850-45C4-AB92-2DF4A4C7CC03}.Release|x86.Build.0 = Release|Any CPU
		{F4A32C5D-85ED-458F-8FF1-223259340006}.Debug|Any CPU.ActiveCfg = Debug|Any CPU
		{F4A32C5D-85ED-458F-8FF1-223259340006}.Debug|Any CPU.Build.0 = Debug|Any CPU
		{F4A32C5D-85ED-458F-8FF1-223259340006}.Debug|x64.ActiveCfg = Debug|Any CPU
		{F4A32C5D-85ED-458F-8FF1-223259340006}.Debug|x64.Build.0 = Debug|Any CPU
		{F4A32C5D-85ED-458F-8FF1-223259340006}.Debug|x86.ActiveCfg = Debug|Any CPU
		{F4A32C5D-85ED-458F-8FF1-223259340006}.Debug|x86.Build.0 = Debug|Any CPU
		{F4A32C5D-85ED-458F-8FF1-223259340006}.Release|Any CPU.ActiveCfg = Release|Any CPU
		{F4A32C5D-85ED-458F-8FF1-223259340006}.Release|Any CPU.Build.0 = Release|Any CPU
		{F4A32C5D-85ED-458F-8FF1-223259340006}.Release|x64.ActiveCfg = Release|Any CPU
		{F4A32C5D-85ED-458F-8FF1-223259340006}.Release|x64.Build.0 = Release|Any CPU
		{F4A32C5D-85ED-458F-8FF1-223259340006}.Release|x86.ActiveCfg = Release|Any CPU
		{F4A32C5D-85ED-458F-8FF1-223259340006}.Release|x86.Build.0 = Release|Any CPU
	EndGlobalSection
	GlobalSection(SolutionProperties) = preSolution
		HideSolutionNode = FALSE
	EndGlobalSection
	GlobalSection(NestedProjects) = preSolution
		{CBAFC0F9-5B69-AE5B-776E-B650E010DF04} = {827E0CD3-B72D-47B6-A68D-7590B98EB39B}
		{87EDA1D2-4B5B-E524-38CE-D0BFCA5F4D6B} = {827E0CD3-B72D-47B6-A68D-7590B98EB39B}
		{3D745DFE-AF9A-E111-755D-FD3FFF280728} = {827E0CD3-B72D-47B6-A68D-7590B98EB39B}
		{4666F75A-F850-45C4-AB92-2DF4A4C7CC03} = {0AB3BF05-4346-4AA6-1389-037BE0695223}
		{F4A32C5D-85ED-458F-8FF1-223259340006} = {827E0CD3-B72D-47B6-A68D-7590B98EB39B}
	EndGlobalSection
	GlobalSection(ExtensibilityGlobals) = postSolution
		SolutionGuid = {1C5F6C67-C06B-425F-9CE3-F7EAA7F9C8E0}
	EndGlobalSection
EndGlobal
